
Microsoft Visual Studio Solution File, Format Version 12.00
# Visual Studio Version 16
VisualStudioVersion = 16.0.33328.57
MinimumVisualStudioVersion = 10.0.40219.1
Project("{FAE04EC0-301F-11D3-BF4B-00C04F79EFBC}") = "VMS", "VMS.csproj", "{B92F7210-D8B3-48FB-8625-514FF6EB6CE0}"
EndProject
Global
	GlobalSection(SolutionConfigurationPlatforms) = preSolution
		Debug|Any CPU = Debug|Any CPU
		Release|Any CPU = Release|Any CPU
	EndGlobalSection
	GlobalSection(ProjectConfigurationPlatforms) = postSolution
		{B92F7210-D8B3-48FB-8625-514FF6EB6CE0}.Debug|Any CPU.ActiveCfg = Debug|Any CPU
		{B92F7210-D8B3-48FB-8625-514FF6EB6CE0}.Debug|Any CPU.Build.0 = Debug|Any CPU
		{B92F7210-D8B3-48FB-8625-514FF6EB6CE0}.Release|Any CPU.ActiveCfg = Release|Any CPU
		{B92F7210-D8B3-48FB-8625-514FF6EB6CE0}.Release|Any CPU.Build.0 = Release|Any CPU
	EndGlobalSection
	GlobalSection(SolutionProperties) = preSolution
		HideSolutionNode = FALSE
	EndGlobalSection
	GlobalSection(ExtensibilityGlobals) = postSolution
		SolutionGuid = {BAA8F278-6977-45CD-8942-54EA33DA95FD}
	EndGlobalSection
EndGlobal
